// !$*UTF8*$!
{
	archiveVersion = 1;
	classes = {
	};
	objectVersion = 50;
	objects = {

/* Begin PBXBuildFile section */
		0C4B897F247D0E7C00CE0994 /* AppDelegate.swift in Sources */ = {isa = PBXBuildFile; fileRef = 0C4B897E247D0E7C00CE0994 /* AppDelegate.swift */; };
		0C4B8981247D0E7C00CE0994 /* SceneDelegate.swift in Sources */ = {isa = PBXBuildFile; fileRef = 0C4B8980247D0E7C00CE0994 /* SceneDelegate.swift */; };
		0C4B8983247D0E7C00CE0994 /* ViewController.swift in Sources */ = {isa = PBXBuildFile; fileRef = 0C4B8982247D0E7C00CE0994 /* ViewController.swift */; };
		0C4B8986247D0E7C00CE0994 /* Main.storyboard in Resources */ = {isa = PBXBuildFile; fileRef = 0C4B8984247D0E7C00CE0994 /* Main.storyboard */; };
		0C4B8988247D0E8000CE0994 /* Assets.xcassets in Resources */ = {isa = PBXBuildFile; fileRef = 0C4B8987247D0E8000CE0994 /* Assets.xcassets */; };
		0C4B898B247D0E8000CE0994 /* LaunchScreen.storyboard in Resources */ = {isa = PBXBuildFile; fileRef = 0C4B8989247D0E8000CE0994 /* LaunchScreen.storyboard */; };
		0C4B8994247D0F2C00CE0994 /* CategoriesBGCVCell.swift in Sources */ = {isa = PBXBuildFile; fileRef = 0C4B8992247D0F2C00CE0994 /* CategoriesBGCVCell.swift */; };
		0C4B8995247D0F2C00CE0994 /* CategoriesBGCVCell.xib in Resources */ = {isa = PBXBuildFile; fileRef = 0C4B8993247D0F2C00CE0994 /* CategoriesBGCVCell.xib */; };
/* End PBXBuildFile section */

/* Begin PBXFileReference section */
		0C4B897B247D0E7C00CE0994 /* ViewBlendModes.app */ = {isa = PBXFileReference; explicitFileType = wrapper.application; includeInIndex = 0; path = ViewBlendModes.app; sourceTree = BUILT_PRODUCTS_DIR; };
		0C4B897E247D0E7C00CE0994 /* AppDelegate.swift */ = {isa = PBXFileReference; lastKnownFileType = sourcecode.swift; path = AppDelegate.swift; sourceTree = "<group>"; };
		0C4B8980247D0E7C00CE0994 /* SceneDelegate.swift */ = {isa = PBXFileReference; lastKnownFileType = sourcecode.swift; path = SceneDelegate.swift; sourceTree = "<group>"; };
		0C4B8982247D0E7C00CE0994 /* ViewController.swift */ = {isa = PBXFileReference; lastKnownFileType = sourcecode.swift; path = ViewController.swift; sourceTree = "<group>"; };
		0C4B8985247D0E7C00CE0994 /* Base */ = {isa = PBXFileReference; lastKnownFileType = file.storyboard; name = Base; path = Base.lproj/Main.storyboard; sourceTree = "<group>"; };
		0C4B8987247D0E8000CE0994 /* Assets.xcassets */ = {isa = PBXFileReference; lastKnownFileType = folder.assetcatalog; path = Assets.xcassets; sourceTree = "<group>"; };
		0C4B898A247D0E8000CE0994 /* Base */ = {isa = PBXFileReference; lastKnownFileType = file.storyboard; name = Base; path = Base.lproj/LaunchScreen.storyboard; sourceTree = "<group>"; };
		0C4B898C247D0E8000CE0994 /* Info.plist */ = {isa = PBXFileReference; lastKnownFileType = text.plist.xml; path = Info.plist; sourceTree = "<group>"; };
		0C4B8992247D0F2C00CE0994 /* CategoriesBGCVCell.swift */ = {isa = PBXFileReference; fileEncoding = 4; lastKnownFileType = sourcecode.swift; path = CategoriesBGCVCell.swift; sourceTree = "<group>"; };
		0C4B8993247D0F2C00CE0994 /* CategoriesBGCVCell.xib */ = {isa = PBXFileReference; fileEncoding = 4; lastKnownFileType = file.xib; path = CategoriesBGCVCell.xib; sourceTree = "<group>"; };
/* End PBXFileReference section */

/* Begin PBXFrameworksBuildPhase section */
		0C4B8978247D0E7C00CE0994 /* Frameworks */ = {
			isa = PBXFrameworksBuildPhase;
			buildActionMask = 2147483647;
			files = (
			);
			runOnlyForDeploymentPostprocessing = 0;
		};
/* End PBXFrameworksBuildPhase section */

/* Begin PBXGroup section */
		0C4B8972247D0E7C00CE0994 = {
			isa = PBXGroup;
			children = (
				0C4B897D247D0E7C00CE0994 /* ViewBlendModes */,
				0C4B897C247D0E7C00CE0994 /* Products */,
			);
			sourceTree = "<group>";
		};
		0C4B897C247D0E7C00CE0994 /* Products */ = {
			isa = PBXGroup;
			children = (
				0C4B897B247D0E7C00CE0994 /* ViewBlendModes.app */,
			);
			name = Products;
			sourceTree = "<group>";
		};
		0C4B897D247D0E7C00CE0994 /* ViewBlendModes */ = {
			isa = PBXGroup;
			children = (
				0C4B8992247D0F2C00CE0994 /* CategoriesBGCVCell.swift */,
				0C4B8993247D0F2C00CE0994 /* CategoriesBGCVCell.xib */,
				0C4B897E247D0E7C00CE0994 /* AppDelegate.swift */,
				0C4B8980247D0E7C00CE0994 /* SceneDelegate.swift */,
				0C4B8982247D0E7C00CE0994 /* ViewController.swift */,
				0C4B8984247D0E7C00CE0994 /* Main.storyboard */,
				0C4B8987247D0E8000CE0994 /* Assets.xcassets */,
				0C4B8989247D0E8000CE0994 /* LaunchScreen.storyboard */,
				0C4B898C247D0E8000CE0994 /* Info.plist */,
			);
			path = ViewBlendModes;
			sourceTree = "<group>";
		};
/* End PBXGroup section */

/* Begin PBXNativeTarget section */
		0C4B897A247D0E7C00CE0994 /* ViewBlendModes */ = {
			isa = PBXNativeTarget;
			buildConfigurationList = 0C4B898F247D0E8000CE0994 /* Build configuration list for PBXNativeTarget "ViewBlendModes" */;
			buildPhases = (
				0C4B8977247D0E7C00CE0994 /* Sources */,
				0C4B8978247D0E7C00CE0994 /* Frameworks */,
				0C4B8979247D0E7C00CE0994 /* Resources */,
			);
			buildRules = (
			);
			dependencies = (
			);
			name = ViewBlendModes;
			productName = ViewBlendModes;
			productReference = 0C4B897B247D0E7C00CE0994 /* ViewBlendModes.app */;
			productType = "com.apple.product-type.application";
		};
/* End PBXNativeTarget section */

/* Begin PBXProject section */
		0C4B8973247D0E7C00CE0994 /* Project object */ = {
			isa = PBXProject;
			attributes = {
				LastSwiftUpdateCheck = 1140;
				LastUpgradeCheck = 1140;
				ORGANIZATIONNAME = "Nikola Spasic";
				TargetAttributes = {
					0C4B897A247D0E7C00CE0994 = {
						CreatedOnToolsVersion = 11.4.1;
					};
				};
			};
			buildConfigurationList = 0C4B8976247D0E7C00CE0994 /* Build configuration list for PBXProject "ViewBlendModes" */;
			compatibilityVersion = "Xcode 9.3";
			developmentRegion = en;
			hasScannedForEncodings = 0;
			knownRegions = (
				en,
				Base,
			);
			mainGroup = 0C4B8972247D0E7C00CE0994;
			productRefGroup = 0C4B897C247D0E7C00CE0994 /* Products */;
			projectDirPath = "";
			projectRoot = "";
			targets = (
				0C4B897A247D0E7C00CE0994 /* ViewBlendModes */,
			);
		};
/* End PBXProject section */

/* Begin PBXResourcesBuildPhase section */
		0C4B8979247D0E7C00CE0994 /* Resources */ = {
			isa = PBXResourcesBuildPhase;
			buildActionMask = 2147483647;
			files = (
				0C4B898B247D0E8000CE0994 /* LaunchScreen.storyboard in Resources */,
				0C4B8988247D0E8000CE0994 /* Assets.xcassets in Resources */,
				0C4B8986247D0E7C00CE0994 /* Main.storyboard in Resources */,
				0C4B8995247D0F2C00CE0994 /* CategoriesBGCVCell.xib in Resources */,
			);
			runOnlyForDeploymentPostprocessing = 0;
		};
/* End PBXResourcesBuildPhase section */

/* Begin PBXSourcesBuildPhase section */
		0C4B8977247D0E7C00CE0994 /* Sources */ = {
			isa = PBXSourcesBuildPhase;
			buildActionMask = 2147483647;
			files = (
				0C4B8983247D0E7C00CE0994 /* ViewController.swift in Sources */,
				0C4B897F247D0E7C00CE0994 /* AppDelegate.swift in Sources */,
				0C4B8981247D0E7C00CE0994 /* SceneDelegate.swift in Sources */,
				0C4B8994247D0F2C00CE0994 /* CategoriesBGCVCell.swift in Sources */,
			);
			runOnlyForDeploymentPostprocessing = 0;
		};
/* End PBXSourcesBuildPhase section */

/* Begin PBXVariantGroup section */
		0C4B8984247D0E7C00CE0994 /* Main.storyboard */ = {
			isa = PBXVariantGroup;
			children = (
				0C4B8985247D0E7C00CE0994 /* Base */,
			);
			name = Main.storyboard;
			sourceTree = "<group>";
		};
		0C4B8989247D0E8000CE0994 /* LaunchScreen.storyboard */ = {
			isa = PBXVariantGroup;
			children = (
				0C4B898A247D0E8000CE0994 /* Base */,
			);
			name = LaunchScreen.storyboard;
			sourceTree = "<group>";
		};
/* End PBXVariantGroup section */

/* Begin XCBuildConfiguration section */
		0C4B898D247D0E8000CE0994 /* Debug */ = {
			isa = XCBuildConfiguration;
			buildSettings = {
				ALWAYS_SEARCH_USER_PATHS = NO;
				CLANG_ANALYZER_NONNULL = YES;
				CLANG_ANALYZER_NUMBER_OBJECT_CONVERSION = YES_AGGRESSIVE;
				CLANG_CXX_LANGUAGE_STANDARD = "gnu++14";
				CLANG_CXX_LIBRARY = "libc++";
				CLANG_ENABLE_MODULES = YES;
				CLANG_ENABLE_OBJC_ARC = YES;
				CLANG_ENABLE_OBJC_WEAK = YES;
				CLANG_WARN_BLOCK_CAPTURE_AUTORELEASING = YES;
				CLANG_WARN_BOOL_CONVERSION = YES;
				CLANG_WARN_COMMA = YES;
				CLANG_WARN_CONSTANT_CONVERSION = YES;
				CLANG_WARN_DEPRECATED_OBJC_IMPLEMENTATIONS = YES;
				CLANG_WARN_DIRECT_OBJC_ISA_USAGE = YES_ERROR;
				CLANG_WARN_DOCUMENTATION_COMMENTS = YES;
				CLANG_WARN_EMPTY_BODY = YES;
				CLANG_WARN_ENUM_CONVERSION = YES;
				CLANG_WARN_INFINITE_RECURSION = YES;
				CLANG_WARN_INT_CONVERSION = YES;
				CLANG_WARN_NON_LITERAL_NULL_CONVERSION = YES;
				CLANG_WARN_OBJC_IMPLICIT_RETAIN_SELF = YES;
				CLANG_WARN_OBJC_LITERAL_CONVERSION = YES;
				CLANG_WARN_OBJC_ROOT_CLASS = YES_ERROR;
				CLANG_WARN_RANGE_LOOP_ANALYSIS = YES;
				CLANG_WARN_STRICT_PROTOTYPES = YES;
				CLANG_WARN_SUSPICIOUS_MOVE = YES;
				CLANG_WARN_UNGUARDED_AVAILABILITY = YES_AGGRESSIVE;
				CLANG_WARN_UNREACHABLE_CODE = YES;
				CLANG_WARN__DUPLICATE_METHOD_MATCH = YES;
				COPY_PHASE_STRIP = NO;
				DEBUG_INFORMATION_FORMAT = dwarf;
				ENABLE_STRICT_OBJC_MSGSEND = YES;
				ENABLE_TESTABILITY = YES;
				GCC_C_LANGUAGE_STANDARD = gnu11;
				GCC_DYNAMIC_NO_PIC = NO;
				GCC_NO_COMMON_BLOCKS = YES;
				GCC_OPTIMIZATION_LEVEL = 0;
				GCC_PREPROCESSOR_DEFINITIONS = (
					"DEBUG=1",
					"$(inherited)",
				);
				GCC_WARN_64_TO_32_BIT_CONVERSION = YES;
				GCC_WARN_ABOUT_RETURN_TYPE = YES_ERROR;
				GCC_WARN_UNDECLARED_SELECTOR = YES;
				GCC_WARN_UNINITIALIZED_AUTOS = YES_AGGRESSIVE;
				GCC_WARN_UNUSED_FUNCTION = YES;
				GCC_WARN_UNUSED_VARIABLE = YES;
				IPHONEOS_DEPLOYMENT_TARGET = 13.4;
				MTL_ENABLE_DEBUG_INFO = INCLUDE_SOURCE;
				MTL_FAST_MATH = YES;
				ONLY_ACTIVE_ARCH = YES;
				SDKROOT = iphoneos;
				SWIFT_ACTIVE_COMPILATION_CONDITIONS = DEBUG;
				SWIFT_OPTIMIZATION_LEVEL = "-Onone";
			};
			name = Debug;
		};
		0C4B898E247D0E8000CE0994 /* Release */ = {
			isa = XCBuildConfiguration;
			buildSettings = {
				ALWAYS_SEARCH_USER_PATHS = NO;
				CLANG_ANALYZER_NONNULL = YES;
				CLANG_ANALYZER_NUMBER_OBJECT_CONVERSION = YES_AGGRESSIVE;
				CLANG_CXX_LANGUAGE_STANDARD = "gnu++14";
				CLANG_CXX_LIBRARY = "libc++";
				CLANG_ENABLE_MODULES = YES;
				CLANG_ENABLE_OBJC_ARC = YES;
				CLANG_ENABLE_OBJC_WEAK = YES;
				CLANG_WARN_BLOCK_CAPTURE_AUTORELEASING = YES;
				CLANG_WARN_BOOL_CONVERSION = YES;
				CLANG_WARN_COMMA = YES;
				CLANG_WARN_CONSTANT_CONVERSION = YES;
				CLANG_WARN_DEPRECATED_OBJC_IMPLEMENTATIONS = YES;
				CLANG_WARN_DIRECT_OBJC_ISA_USAGE = YES_ERROR;
				CLANG_WARN_DOCUMENTATION_COMMENTS = YES;
				CLANG_WARN_EMPTY_BODY = YES;
				CLANG_WARN_ENUM_CONVERSION = YES;
				CLANG_WARN_INFINITE_RECURSION = YES;
				CLANG_WARN_INT_CONVERSION = YES;
				CLANG_WARN_NON_LITERAL_NULL_CONVERSION = YES;
				CLANG_WARN_OBJC_IMPLICIT_RETAIN_SELF = YES;
				CLANG_WARN_OBJC_LITERAL_CONVERSION = YES;
				CLANG_WARN_OBJC_ROOT_CLASS = YES_ERROR;
				CLANG_WARN_RANGE_LOOP_ANALYSIS = YES;
				CLANG_WARN_STRICT_PROTOTYPES = YES;
				CLANG_WARN_SUSPICIOUS_MOVE = YES;
				CLANG_WARN_UNGUARDED_AVAILABILITY = YES_AGGRESSIVE;
				CLANG_WARN_UNREACHABLE_CODE = YES;
				CLANG_WARN__DUPLICATE_METHOD_MATCH = YES;
				COPY_PHASE_STRIP = NO;
				DEBUG_INFORMATION_FORMAT = "dwarf-with-dsym";
				ENABLE_NS_ASSERTIONS = NO;
				ENABLE_STRICT_OBJC_MSGSEND = YES;
				GCC_C_LANGUAGE_STANDARD = gnu11;
				GCC_NO_COMMON_BLOCKS = YES;
				GCC_WARN_64_TO_32_BIT_CONVERSION = YES;
				GCC_WARN_ABOUT_RETURN_TYPE = YES_ERROR;
				GCC_WARN_UNDECLARED_SELECTOR = YES;
				GCC_WARN_UNINITIALIZED_AUTOS = YES_AGGRESSIVE;
				GCC_WARN_UNUSED_FUNCTION = YES;
				GCC_WARN_UNUSED_VARIABLE = YES;
				IPHONEOS_DEPLOYMENT_TARGET = 13.4;
				MTL_ENABLE_DEBUG_INFO = NO;
				MTL_FAST_MATH = YES;
				SDKROOT = iphoneos;
				SWIFT_COMPILATION_MODE = wholemodule;
				SWIFT_OPTIMIZATION_LEVEL = "-O";
				VALIDATE_PRODUCT = YES;
			};
			name = Release;
		};
		0C4B8990247D0E8000CE0994 /* Debug */ = {
			isa = XCBuildConfiguration;
			buildSettings = {
				ASSETCATALOG_COMPILER_APPICON_NAME = AppIcon;
				CODE_SIGN_STYLE = Automatic;
				DEVELOPMENT_TEAM = UF634SM7F8;
				INFOPLIST_FILE = ViewBlendModes/Info.plist;
				LD_RUNPATH_SEARCH_PATHS = (
					"$(inherited)",
					"@executable_path/Frameworks",
				);
				PRODUCT_BUNDLE_IDENTIFIER = com.nikolaspasic.ViewBlendModes;
				PRODUCT_NAME = "$(TARGET_NAME)";
				SWIFT_VERSION = 5.0;
				TARGETED_DEVICE_FAMILY = "1,2";
			};
			name = Debug;
		};
		0C4B8991247D0E8000CE0994 /* Release */ = {
			isa = XCBuildConfiguration;
			buildSettings = {
				ASSETCATALOG_COMPILER_APPICON_NAME = AppIcon;
				CODE_SIGN_STYLE = Automatic;
				DEVELOPMENT_TEAM = UF634SM7F8;
				INFOPLIST_FILE = ViewBlendModes/Info.plist;
				LD_RUNPATH_SEARCH_PATHS = (
					"$(inherited)",
					"@executable_path/Frameworks",
				);
				PRODUCT_BUNDLE_IDENTIFIER = com.nikolaspasic.ViewBlendModes;
				PRODUCT_NAME = "$(TARGET_NAME)";
				SWIFT_VERSION = 5.0;
				TARGETED_DEVICE_FAMILY = "1,2";
			};
			name = Release;
		};
/* End XCBuildConfiguration section */

/* Begin XCConfigurationList section */
		0C4B8976247D0E7C00CE0994 /* Build configuration list for PBXProject "ViewBlendModes" */ = {
			isa = XCConfigurationList;
			buildConfigurations = (
				0C4B898D247D0E8000CE0994 /* Debug */,
				0C4B898E247D0E8000CE0994 /* Release */,
			);
			defaultConfigurationIsVisible = 0;
			defaultConfigurationName = Release;
		};
		0C4B898F247D0E8000CE0994 /* Build configuration list for PBXNativeTarget "ViewBlendModes" */ = {
			isa = XCConfigurationList;
			buildConfigurations = (
				0C4B8990247D0E8000CE0994 /* Debug */,
				0C4B8991247D0E8000CE0994 /* Release */,
			);
			defaultConfigurationIsVisible = 0;
			defaultConfigurationName = Release;
		};
/* End XCConfigurationList section */
	};
	rootObject = 0C4B8973247D0E7C00CE0994 /* Project object */;
}
